
Microsoft Visual Studio Solution File, Format Version 12.00
# Visual Studio 15
VisualStudioVersion = 15.0.27428.2037
MinimumVisualStudioVersion = 10.0.40219.1
Project("{FAE04EC0-301F-11D3-BF4B-00C04F79EFBC}") = "Klocki", "ConsoleApp1\Klocki.csproj", "{FFEA668D-0F40-45F9-8784-A5D5FFA9EF6D}"
EndProject
Global
	GlobalSection(SolutionConfigurationPlatforms) = preSolution
		Debug|Any CPU = Debug|Any CPU
		Release|Any CPU = Release|Any CPU
	EndGlobalSection
	GlobalSection(ProjectConfigurationPlatforms) = postSolution
		{FFEA668D-0F40-45F9-8784-A5D5FFA9EF6D}.Debug|Any CPU.ActiveCfg = Debug|Any CPU
		{FFEA668D-0F40-45F9-8784-A5D5FFA9EF6D}.Debug|Any CPU.Build.0 = Debug|Any CPU
		{FFEA668D-0F40-45F9-8784-A5D5FFA9EF6D}.Release|Any CPU.ActiveCfg = Release|Any CPU
		{FFEA668D-0F40-45F9-8784-A5D5FFA9EF6D}.Release|Any CPU.Build.0 = Release|Any CPU
	EndGlobalSection
	GlobalSection(SolutionProperties) = preSolution
		HideSolutionNode = FALSE
	EndGlobalSection
	GlobalSection(ExtensibilityGlobals) = postSolution
		SolutionGuid = {70AA98C0-EDC1-4839-80C3-2729963F9A4D}
	EndGlobalSection
EndGlobal
